
Microsoft Visual Studio Solution File, Format Version 12.00
# Visual Studio Version 17
VisualStudioVersion = 17.2.32630.192
MinimumVisualStudioVersion = 10.0.40219.1
Project("{9A19103F-16F7-4668-BE54-9A1E7A4F7556}") = "KakuroSolver", "KakuroSolver\KakuroSolver.csproj", "{A150B3A6-639C-4B50-8565-82B1105270F3}"
EndProject
Project("{9A19103F-16F7-4668-BE54-9A1E7A4F7556}") = "KakuroSolverUnitTests", "KakuroSolverUnitTests\KakuroSolverUnitTests.csproj", "{6178FFBA-FA4F-4525-92A9-88241088C1C4}"
EndProject
Global
	GlobalSection(SolutionConfigurationPlatforms) = preSolution
		Debug|Any CPU = Debug|Any CPU
		Release|Any CPU = Release|Any CPU
	EndGlobalSection
	GlobalSection(ProjectConfigurationPlatforms) = postSolution
		{A150B3A6-639C-4B50-8565-82B1105270F3}.Debug|Any CPU.ActiveCfg = Debug|Any CPU
		{A150B3A6-639C-4B50-8565-82B1105270F3}.Debug|Any CPU.Build.0 = Debug|Any CPU
		{A150B3A6-639C-4B50-8565-82B1105270F3}.Release|Any CPU.ActiveCfg = Release|Any CPU
		{A150B3A6-639C-4B50-8565-82B1105270F3}.Release|Any CPU.Build.0 = Release|Any CPU
		{6178FFBA-FA4F-4525-92A9-88241088C1C4}.Debug|Any CPU.ActiveCfg = Debug|Any CPU
		{6178FFBA-FA4F-4525-92A9-88241088C1C4}.Debug|Any CPU.Build.0 = Debug|Any CPU
		{6178FFBA-FA4F-4525-92A9-88241088C1C4}.Release|Any CPU.ActiveCfg = Release|Any CPU
		{6178FFBA-FA4F-4525-92A9-88241088C1C4}.Release|Any CPU.Build.0 = Release|Any CPU
	EndGlobalSection
	GlobalSection(SolutionProperties) = preSolution
		HideSolutionNode = FALSE
	EndGlobalSection
	GlobalSection(ExtensibilityGlobals) = postSolution
		SolutionGuid = {7D9ECAD0-8C39-42C3-AB62-478CE109D049}
	EndGlobalSection
EndGlobal
