
Microsoft Visual Studio Solution File, Format Version 12.00
# Visual Studio Version 16
VisualStudioVersion = 16.0.31410.357
MinimumVisualStudioVersion = 10.0.40219.1
Project("{FAE04EC0-301F-11D3-BF4B-00C04F79EFBC}") = "KakuroSolver", "KakuroSolver\KakuroSolver\KakuroSolver.csproj", "{B04A609A-1174-4E44-9850-E203EC3FFDB8}"
EndProject
Global
	GlobalSection(SolutionConfigurationPlatforms) = preSolution
		Debug|Any CPU = Debug|Any CPU
		Release|Any CPU = Release|Any CPU
	EndGlobalSection
	GlobalSection(ProjectConfigurationPlatforms) = postSolution
		{B04A609A-1174-4E44-9850-E203EC3FFDB8}.Debug|Any CPU.ActiveCfg = Debug|Any CPU
		{B04A609A-1174-4E44-9850-E203EC3FFDB8}.Debug|Any CPU.Build.0 = Debug|Any CPU
		{B04A609A-1174-4E44-9850-E203EC3FFDB8}.Release|Any CPU.ActiveCfg = Release|Any CPU
		{B04A609A-1174-4E44-9850-E203EC3FFDB8}.Release|Any CPU.Build.0 = Release|Any CPU
	EndGlobalSection
	GlobalSection(SolutionProperties) = preSolution
		HideSolutionNode = FALSE
	EndGlobalSection
	GlobalSection(ExtensibilityGlobals) = postSolution
		SolutionGuid = {7D9ECAD0-8C39-42C3-AB62-478CE109D049}
	EndGlobalSection
EndGlobal
